<?xml version="1.0" encoding="utf-8"?>
<Project ToolsVersion="4.0" xmlns="http://schemas.microsoft.com/developer/msbuild/2003">
  <ItemGroup>
    <Filter Include="Source Files">
      <UniqueIdentifier>{4FC737F1-C7A5-4376-A066-2A32D752A2FF}</UniqueIdentifier>
      <Extensions>cpp;c;cc;cxx;def;odl;idl;hpj;bat;asm;asmx</Extensions>
    </Filter>
    <Filter Include="Header Files">
      <UniqueIdentifier>{93995380-89BD-4b04-88EB-625FBE52EBFB}</UniqueIdentifier>
      <Extensions>h;hpp;hxx;hm;inl;inc;xsd</Extensions>
    </Filter>
    <Filter Include="Resource Files">
      <UniqueIdentifier>{67DA6AB6-F800-4c08-8B7A-83BB121AAD01}</UniqueIdentifier>
      <Extensions>rc;ico;cur;bmp;dlg;rc2;rct;bin;rgs;gif;jpg;jpeg;jpe;resx;tiff;tif;png;wav;mfcribbon-ms</Extensions>
    </Filter>
    <Filter Include="ThirdPart">
      <UniqueIdentifier>{8b737523-0bcc-4b1c-b55f-e1f50b66b3c6}</UniqueIdentifier>
    </Filter>
    <Filter Include="sqlite">
      <UniqueIdentifier>{e1432ef1-e47e-4956-88a8-4bb6fbd3d986}</UniqueIdentifier>
    </Filter>
    <Filter Include="GridCtrl">
      <UniqueIdentifier>{be7e3c7f-0a97-40af-b6b3-eed525967076}</UniqueIdentifier>
    </Filter>
  </ItemGroup>
  <ItemGroup>
    <None Include="ReadMe.txt" />
    <None Include="res\MiniBlog.rc2">
      <Filter>Resource Files</Filter>
    </None>
    <None Include="res\MiniBlog.ico">
      <Filter>Resource Files</Filter>
    </None>
  </ItemGroup>
  <ItemGroup>
    <ClInclude Include="MiniBlog.h">
      <Filter>Header Files</Filter>
    </ClInclude>
    <ClInclude Include="MiniBlogDlg.h">
      <Filter>Header Files</Filter>
    </ClInclude>
    <ClInclude Include="stdafx.h">
      <Filter>Header Files</Filter>
    </ClInclude>
    <ClInclude Include="targetver.h">
      <Filter>Header Files</Filter>
    </ClInclude>
    <ClInclude Include="Resource.h">
      <Filter>Header Files</Filter>
    </ClInclude>
    <ClInclude Include="SimpleBrowser.h">
      <Filter>ThirdPart</Filter>
    </ClInclude>
    <ClInclude Include="WininetHook.h">
      <Filter>ThirdPart</Filter>
    </ClInclude>
    <ClInclude Include="SQLiteTool.h">
      <Filter>Header Files</Filter>
    </ClInclude>
    <ClInclude Include="SinaBrowserTool.h">
      <Filter>Header Files</Filter>
    </ClInclude>
    <ClInclude Include="GridCtrl\TitleTip.h">
      <Filter>GridCtrl</Filter>
    </ClInclude>
    <ClInclude Include="GridCtrl\CellRange.h">
      <Filter>GridCtrl</Filter>
    </ClInclude>
    <ClInclude Include="GridCtrl\GridCell.h">
      <Filter>GridCtrl</Filter>
    </ClInclude>
    <ClInclude Include="GridCtrl\GridCellBase.h">
      <Filter>GridCtrl</Filter>
    </ClInclude>
    <ClInclude Include="GridCtrl\GridCellCheck.h">
      <Filter>GridCtrl</Filter>
    </ClInclude>
    <ClInclude Include="GridCtrl\GridCellCombo.h">
      <Filter>GridCtrl</Filter>
    </ClInclude>
    <ClInclude Include="GridCtrl\GridCellDateTime.h">
      <Filter>GridCtrl</Filter>
    </ClInclude>
    <ClInclude Include="GridCtrl\GridCellNumeric.h">
      <Filter>GridCtrl</Filter>
    </ClInclude>
    <ClInclude Include="GridCtrl\GridCtrl.h">
      <Filter>GridCtrl</Filter>
    </ClInclude>
    <ClInclude Include="GridCtrl\GridDropTarget.h">
      <Filter>GridCtrl</Filter>
    </ClInclude>
    <ClInclude Include="GridCtrl\GridURLCell.h">
      <Filter>GridCtrl</Filter>
    </ClInclude>
    <ClInclude Include="GridCtrl\InPlaceEdit.h">
      <Filter>GridCtrl</Filter>
    </ClInclude>
    <ClInclude Include="GridCtrl\MemDC.h">
      <Filter>GridCtrl</Filter>
    </ClInclude>
  </ItemGroup>
  <ItemGroup>
    <ClCompile Include="MiniBlog.cpp">
      <Filter>Source Files</Filter>
    </ClCompile>
    <ClCompile Include="MiniBlogDlg.cpp">
      <Filter>Source Files</Filter>
    </ClCompile>
    <ClCompile Include="stdafx.cpp">
      <Filter>Source Files</Filter>
    </ClCompile>
    <ClCompile Include="WininetHook.cpp">
      <Filter>ThirdPart</Filter>
    </ClCompile>
    <ClCompile Include="SimpleBrowser.cpp">
      <Filter>ThirdPart</Filter>
    </ClCompile>
    <ClCompile Include="SQLiteTool.cpp">
      <Filter>Source Files</Filter>
    </ClCompile>
    <ClCompile Include="SinaBrowserTool.cpp">
      <Filter>Source Files</Filter>
    </ClCompile>
    <ClCompile Include="GridCtrl\GridCell.cpp">
      <Filter>GridCtrl</Filter>
    </ClCompile>
    <ClCompile Include="GridCtrl\GridCellBase.cpp">
      <Filter>GridCtrl</Filter>
    </ClCompile>
    <ClCompile Include="GridCtrl\GridCellCheck.cpp">
      <Filter>GridCtrl</Filter>
    </ClCompile>
    <ClCompile Include="GridCtrl\GridCellCombo.cpp">
      <Filter>GridCtrl</Filter>
    </ClCompile>
    <ClCompile Include="GridCtrl\GridCellDateTime.cpp">
      <Filter>GridCtrl</Filter>
    </ClCompile>
    <ClCompile Include="GridCtrl\GridCellNumeric.cpp">
      <Filter>GridCtrl</Filter>
    </ClCompile>
    <ClCompile Include="GridCtrl\GridCtrl.cpp">
      <Filter>GridCtrl</Filter>
    </ClCompile>
    <ClCompile Include="GridCtrl\GridDropTarget.cpp">
      <Filter>GridCtrl</Filter>
    </ClCompile>
    <ClCompile Include="GridCtrl\GridURLCell.cpp">
      <Filter>GridCtrl</Filter>
    </ClCompile>
    <ClCompile Include="GridCtrl\InPlaceEdit.cpp">
      <Filter>GridCtrl</Filter>
    </ClCompile>
    <ClCompile Include="GridCtrl\TitleTip.cpp">
      <Filter>GridCtrl</Filter>
    </ClCompile>
  </ItemGroup>
  <ItemGroup>
    <ResourceCompile Include="MiniBlog.rc">
      <Filter>Resource Files</Filter>
    </ResourceCompile>
  </ItemGroup>
</Project>